// !$*UTF8*$!
{
	archiveVersion = 1;
	classes = {
	};
	objectVersion = 48;
	objects = {

/* Begin PBXBuildFile section */
		754DA6451FC451AE001DD8D8 /* AppDelegate.swift in Sources */ = {isa = PBXBuildFile; fileRef = 754DA6441FC451AE001DD8D8 /* AppDelegate.swift */; };
		754DA6471FC451AE001DD8D8 /* ViewController.swift in Sources */ = {isa = PBXBuildFile; fileRef = 754DA6461FC451AE001DD8D8 /* ViewController.swift */; };
		754DA64A1FC451AE001DD8D8 /* Main.storyboard in Resources */ = {isa = PBXBuildFile; fileRef = 754DA6481FC451AE001DD8D8 /* Main.storyboard */; };
		754DA64C1FC451AE001DD8D8 /* Assets.xcassets in Resources */ = {isa = PBXBuildFile; fileRef = 754DA64B1FC451AE001DD8D8 /* Assets.xcassets */; };
		754DA64F1FC451AE001DD8D8 /* LaunchScreen.storyboard in Resources */ = {isa = PBXBuildFile; fileRef = 754DA64D1FC451AE001DD8D8 /* LaunchScreen.storyboard */; };
		754DA6581FC454D0001DD8D8 /* MoviesService.swift in Sources */ = {isa = PBXBuildFile; fileRef = 754DA6571FC454D0001DD8D8 /* MoviesService.swift */; };
		754DA65B1FC4551A001DD8D8 /* TVShow.swift in Sources */ = {isa = PBXBuildFile; fileRef = 754DA65A1FC4551A001DD8D8 /* TVShow.swift */; };
		754DA65D1FC4553D001DD8D8 /* SearchResponse.swift in Sources */ = {isa = PBXBuildFile; fileRef = 754DA65C1FC4553D001DD8D8 /* SearchResponse.swift */; };
		754DA6601FC45EF3001DD8D8 /* Utils.swift in Sources */ = {isa = PBXBuildFile; fileRef = 754DA65F1FC45EF3001DD8D8 /* Utils.swift */; };
		754DA6621FC45F74001DD8D8 /* TVShowCollectionViewCell.swift in Sources */ = {isa = PBXBuildFile; fileRef = 754DA6611FC45F74001DD8D8 /* TVShowCollectionViewCell.swift */; };
		757A6CCB1FC5F6D000C81930 /* ProgramDetailViewController.swift in Sources */ = {isa = PBXBuildFile; fileRef = 757A6CCA1FC5F6D000C81930 /* ProgramDetailViewController.swift */; };
		75E7AD4D1FC7247F004A8F01 /* SearchViewController.swift in Sources */ = {isa = PBXBuildFile; fileRef = 75E7AD4C1FC7247F004A8F01 /* SearchViewController.swift */; };
		75E7AD4F1FC72712004A8F01 /* SearchCell.swift in Sources */ = {isa = PBXBuildFile; fileRef = 75E7AD4E1FC72712004A8F01 /* SearchCell.swift */; };
		974BDCFF9D31EADE40682D1B /* Pods_tvShow.framework in Frameworks */ = {isa = PBXBuildFile; fileRef = 561264E703D292FE3C2AF29A /* Pods_tvShow.framework */; };
/* End PBXBuildFile section */

/* Begin PBXFileReference section */
		561264E703D292FE3C2AF29A /* Pods_tvShow.framework */ = {isa = PBXFileReference; explicitFileType = wrapper.framework; includeInIndex = 0; path = Pods_tvShow.framework; sourceTree = BUILT_PRODUCTS_DIR; };
		754DA6411FC451AE001DD8D8 /* tvShow.app */ = {isa = PBXFileReference; explicitFileType = wrapper.application; includeInIndex = 0; path = tvShow.app; sourceTree = BUILT_PRODUCTS_DIR; };
		754DA6441FC451AE001DD8D8 /* AppDelegate.swift */ = {isa = PBXFileReference; lastKnownFileType = sourcecode.swift; path = AppDelegate.swift; sourceTree = "<group>"; };
		754DA6461FC451AE001DD8D8 /* ViewController.swift */ = {isa = PBXFileReference; lastKnownFileType = sourcecode.swift; path = ViewController.swift; sourceTree = "<group>"; };
		754DA6491FC451AE001DD8D8 /* Base */ = {isa = PBXFileReference; lastKnownFileType = file.storyboard; name = Base; path = Base.lproj/Main.storyboard; sourceTree = "<group>"; };
		754DA64B1FC451AE001DD8D8 /* Assets.xcassets */ = {isa = PBXFileReference; lastKnownFileType = folder.assetcatalog; path = Assets.xcassets; sourceTree = "<group>"; };
		754DA64E1FC451AE001DD8D8 /* Base */ = {isa = PBXFileReference; lastKnownFileType = file.storyboard; name = Base; path = Base.lproj/LaunchScreen.storyboard; sourceTree = "<group>"; };
		754DA6501FC451AE001DD8D8 /* Info.plist */ = {isa = PBXFileReference; lastKnownFileType = text.plist.xml; path = Info.plist; sourceTree = "<group>"; };
		754DA6571FC454D0001DD8D8 /* MoviesService.swift */ = {isa = PBXFileReference; lastKnownFileType = sourcecode.swift; path = MoviesService.swift; sourceTree = "<group>"; };
		754DA65A1FC4551A001DD8D8 /* TVShow.swift */ = {isa = PBXFileReference; lastKnownFileType = sourcecode.swift; path = TVShow.swift; sourceTree = "<group>"; };
		754DA65C1FC4553D001DD8D8 /* SearchResponse.swift */ = {isa = PBXFileReference; lastKnownFileType = sourcecode.swift; path = SearchResponse.swift; sourceTree = "<group>"; };
		754DA65F1FC45EF3001DD8D8 /* Utils.swift */ = {isa = PBXFileReference; lastKnownFileType = sourcecode.swift; path = Utils.swift; sourceTree = "<group>"; };
		754DA6611FC45F74001DD8D8 /* TVShowCollectionViewCell.swift */ = {isa = PBXFileReference; lastKnownFileType = sourcecode.swift; path = TVShowCollectionViewCell.swift; sourceTree = "<group>"; };
		757A6CCA1FC5F6D000C81930 /* ProgramDetailViewController.swift */ = {isa = PBXFileReference; lastKnownFileType = sourcecode.swift; path = ProgramDetailViewController.swift; sourceTree = "<group>"; };
		75E7AD4C1FC7247F004A8F01 /* SearchViewController.swift */ = {isa = PBXFileReference; lastKnownFileType = sourcecode.swift; path = SearchViewController.swift; sourceTree = "<group>"; };
		75E7AD4E1FC72712004A8F01 /* SearchCell.swift */ = {isa = PBXFileReference; lastKnownFileType = sourcecode.swift; path = SearchCell.swift; sourceTree = "<group>"; };
		8AEB476EB480763885674BCB /* Pods-tvShow.release.xcconfig */ = {isa = PBXFileReference; includeInIndex = 1; lastKnownFileType = text.xcconfig; name = "Pods-tvShow.release.xcconfig"; path = "Pods/Target Support Files/Pods-tvShow/Pods-tvShow.release.xcconfig"; sourceTree = "<group>"; };
		ACFFF10A49DD6CB40A628DE2 /* Pods-tvShow.debug.xcconfig */ = {isa = PBXFileReference; includeInIndex = 1; lastKnownFileType = text.xcconfig; name = "Pods-tvShow.debug.xcconfig"; path = "Pods/Target Support Files/Pods-tvShow/Pods-tvShow.debug.xcconfig"; sourceTree = "<group>"; };
/* End PBXFileReference section */

/* Begin PBXFrameworksBuildPhase section */
		754DA63E1FC451AE001DD8D8 /* Frameworks */ = {
			isa = PBXFrameworksBuildPhase;
			buildActionMask = 2147483647;
			files = (
				974BDCFF9D31EADE40682D1B /* Pods_tvShow.framework in Frameworks */,
			);
			runOnlyForDeploymentPostprocessing = 0;
		};
/* End PBXFrameworksBuildPhase section */

/* Begin PBXGroup section */
		754DA6381FC451AE001DD8D8 = {
			isa = PBXGroup;
			children = (
				754DA6431FC451AE001DD8D8 /* tvShow */,
				754DA6421FC451AE001DD8D8 /* Products */,
				A90582F36A93A954A590FCD5 /* Pods */,
				D31A0A9207A54B08687EA7FD /* Frameworks */,
			);
			sourceTree = "<group>";
		};
		754DA6421FC451AE001DD8D8 /* Products */ = {
			isa = PBXGroup;
			children = (
				754DA6411FC451AE001DD8D8 /* tvShow.app */,
			);
			name = Products;
			sourceTree = "<group>";
		};
		754DA6431FC451AE001DD8D8 /* tvShow */ = {
			isa = PBXGroup;
			children = (
				754DA6561FC454BD001DD8D8 /* MoviesService */,
				754DA6441FC451AE001DD8D8 /* AppDelegate.swift */,
				754DA6461FC451AE001DD8D8 /* ViewController.swift */,
				754DA6611FC45F74001DD8D8 /* TVShowCollectionViewCell.swift */,
				757A6CCA1FC5F6D000C81930 /* ProgramDetailViewController.swift */,
				75E7AD4C1FC7247F004A8F01 /* SearchViewController.swift */,
				75E7AD4E1FC72712004A8F01 /* SearchCell.swift */,
				754DA6481FC451AE001DD8D8 /* Main.storyboard */,
				754DA64B1FC451AE001DD8D8 /* Assets.xcassets */,
				754DA64D1FC451AE001DD8D8 /* LaunchScreen.storyboard */,
				754DA6501FC451AE001DD8D8 /* Info.plist */,
			);
			path = tvShow;
			sourceTree = "<group>";
		};
		754DA6561FC454BD001DD8D8 /* MoviesService */ = {
			isa = PBXGroup;
			children = (
				754DA65E1FC45EE7001DD8D8 /* Utils */,
				754DA6591FC45502001DD8D8 /* Models */,
				754DA6571FC454D0001DD8D8 /* MoviesService.swift */,
			);
			path = MoviesService;
			sourceTree = "<group>";
		};
		754DA6591FC45502001DD8D8 /* Models */ = {
			isa = PBXGroup;
			children = (
				754DA65A1FC4551A001DD8D8 /* TVShow.swift */,
				754DA65C1FC4553D001DD8D8 /* SearchResponse.swift */,
			);
			path = Models;
			sourceTree = "<group>";
		};
		754DA65E1FC45EE7001DD8D8 /* Utils */ = {
			isa = PBXGroup;
			children = (
				754DA65F1FC45EF3001DD8D8 /* Utils.swift */,
			);
			path = Utils;
			sourceTree = "<group>";
		};
		A90582F36A93A954A590FCD5 /* Pods */ = {
			isa = PBXGroup;
			children = (
				ACFFF10A49DD6CB40A628DE2 /* Pods-tvShow.debug.xcconfig */,
				8AEB476EB480763885674BCB /* Pods-tvShow.release.xcconfig */,
			);
			name = Pods;
			sourceTree = "<group>";
		};
		D31A0A9207A54B08687EA7FD /* Frameworks */ = {
			isa = PBXGroup;
			children = (
				561264E703D292FE3C2AF29A /* Pods_tvShow.framework */,
			);
			name = Frameworks;
			sourceTree = "<group>";
		};
/* End PBXGroup section */

/* Begin PBXNativeTarget section */
		754DA6401FC451AE001DD8D8 /* tvShow */ = {
			isa = PBXNativeTarget;
			buildConfigurationList = 754DA6531FC451AE001DD8D8 /* Build configuration list for PBXNativeTarget "tvShow" */;
			buildPhases = (
				5F0C8056F5FFC2F59D5BD0E8 /* [CP] Check Pods Manifest.lock */,
				754DA63D1FC451AE001DD8D8 /* Sources */,
				754DA63E1FC451AE001DD8D8 /* Frameworks */,
				754DA63F1FC451AE001DD8D8 /* Resources */,
				01C928A88699D3AFF243C9EE /* [CP] Embed Pods Frameworks */,
				EF51466771027B853EF460C0 /* [CP] Copy Pods Resources */,
			);
			buildRules = (
			);
			dependencies = (
			);
			name = tvShow;
			productName = tvShow;
			productReference = 754DA6411FC451AE001DD8D8 /* tvShow.app */;
			productType = "com.apple.product-type.application";
		};
/* End PBXNativeTarget section */

/* Begin PBXProject section */
		754DA6391FC451AE001DD8D8 /* Project object */ = {
			isa = PBXProject;
			attributes = {
				LastSwiftUpdateCheck = 0910;
				LastUpgradeCheck = 0910;
				ORGANIZATIONNAME = "Mauro Gonzalez";
				TargetAttributes = {
					754DA6401FC451AE001DD8D8 = {
						CreatedOnToolsVersion = 9.1;
						ProvisioningStyle = Automatic;
					};
				};
			};
			buildConfigurationList = 754DA63C1FC451AE001DD8D8 /* Build configuration list for PBXProject "tvShow" */;
			compatibilityVersion = "Xcode 8.0";
			developmentRegion = en;
			hasScannedForEncodings = 0;
			knownRegions = (
				en,
				Base,
			);
			mainGroup = 754DA6381FC451AE001DD8D8;
			productRefGroup = 754DA6421FC451AE001DD8D8 /* Products */;
			projectDirPath = "";
			projectRoot = "";
			targets = (
				754DA6401FC451AE001DD8D8 /* tvShow */,
			);
		};
/* End PBXProject section */

/* Begin PBXResourcesBuildPhase section */
		754DA63F1FC451AE001DD8D8 /* Resources */ = {
			isa = PBXResourcesBuildPhase;
			buildActionMask = 2147483647;
			files = (
				754DA64F1FC451AE001DD8D8 /* LaunchScreen.storyboard in Resources */,
				754DA64C1FC451AE001DD8D8 /* Assets.xcassets in Resources */,
				754DA64A1FC451AE001DD8D8 /* Main.storyboard in Resources */,
			);
			runOnlyForDeploymentPostprocessing = 0;
		};
/* End PBXResourcesBuildPhase section */

/* Begin PBXShellScriptBuildPhase section */
		01C928A88699D3AFF243C9EE /* [CP] Embed Pods Frameworks */ = {
			isa = PBXShellScriptBuildPhase;
			buildActionMask = 2147483647;
			files = (
			);
			inputPaths = (
				"${SRCROOT}/Pods/Target Support Files/Pods-tvShow/Pods-tvShow-frameworks.sh",
				"${BUILT_PRODUCTS_DIR}/Alamofire/Alamofire.framework",
			);
			name = "[CP] Embed Pods Frameworks";
			outputPaths = (
				"${TARGET_BUILD_DIR}/${FRAMEWORKS_FOLDER_PATH}/Alamofire.framework",
			);
			runOnlyForDeploymentPostprocessing = 0;
			shellPath = /bin/sh;
			shellScript = "\"${SRCROOT}/Pods/Target Support Files/Pods-tvShow/Pods-tvShow-frameworks.sh\"\n";
			showEnvVarsInLog = 0;
		};
		5F0C8056F5FFC2F59D5BD0E8 /* [CP] Check Pods Manifest.lock */ = {
			isa = PBXShellScriptBuildPhase;
			buildActionMask = 2147483647;
			files = (
			);
			inputPaths = (
				"${PODS_PODFILE_DIR_PATH}/Podfile.lock",
				"${PODS_ROOT}/Manifest.lock",
			);
			name = "[CP] Check Pods Manifest.lock";
			outputPaths = (
				"$(DERIVED_FILE_DIR)/Pods-tvShow-checkManifestLockResult.txt",
			);
			runOnlyForDeploymentPostprocessing = 0;
			shellPath = /bin/sh;
			shellScript = "diff \"${PODS_PODFILE_DIR_PATH}/Podfile.lock\" \"${PODS_ROOT}/Manifest.lock\" > /dev/null\nif [ $? != 0 ] ; then\n    # print error to STDERR\n    echo \"error: The sandbox is not in sync with the Podfile.lock. Run 'pod install' or update your CocoaPods installation.\" >&2\n    exit 1\nfi\n# This output is used by Xcode 'outputs' to avoid re-running this script phase.\necho \"SUCCESS\" > \"${SCRIPT_OUTPUT_FILE_0}\"\n";
			showEnvVarsInLog = 0;
		};
		EF51466771027B853EF460C0 /* [CP] Copy Pods Resources */ = {
			isa = PBXShellScriptBuildPhase;
			buildActionMask = 2147483647;
			files = (
			);
			inputPaths = (
			);
			name = "[CP] Copy Pods Resources";
			outputPaths = (
			);
			runOnlyForDeploymentPostprocessing = 0;
			shellPath = /bin/sh;
			shellScript = "\"${SRCROOT}/Pods/Target Support Files/Pods-tvShow/Pods-tvShow-resources.sh\"\n";
			showEnvVarsInLog = 0;
		};
/* End PBXShellScriptBuildPhase section */

/* Begin PBXSourcesBuildPhase section */
		754DA63D1FC451AE001DD8D8 /* Sources */ = {
			isa = PBXSourcesBuildPhase;
			buildActionMask = 2147483647;
			files = (
				754DA6471FC451AE001DD8D8 /* ViewController.swift in Sources */,
				75E7AD4F1FC72712004A8F01 /* SearchCell.swift in Sources */,
				754DA65D1FC4553D001DD8D8 /* SearchResponse.swift in Sources */,
				757A6CCB1FC5F6D000C81930 /* ProgramDetailViewController.swift in Sources */,
				75E7AD4D1FC7247F004A8F01 /* SearchViewController.swift in Sources */,
				754DA6451FC451AE001DD8D8 /* AppDelegate.swift in Sources */,
				754DA65B1FC4551A001DD8D8 /* TVShow.swift in Sources */,
				754DA6581FC454D0001DD8D8 /* MoviesService.swift in Sources */,
				754DA6621FC45F74001DD8D8 /* TVShowCollectionViewCell.swift in Sources */,
				754DA6601FC45EF3001DD8D8 /* Utils.swift in Sources */,
			);
			runOnlyForDeploymentPostprocessing = 0;
		};
/* End PBXSourcesBuildPhase section */

/* Begin PBXVariantGroup section */
		754DA6481FC451AE001DD8D8 /* Main.storyboard */ = {
			isa = PBXVariantGroup;
			children = (
				754DA6491FC451AE001DD8D8 /* Base */,
			);
			name = Main.storyboard;
			sourceTree = "<group>";
		};
		754DA64D1FC451AE001DD8D8 /* LaunchScreen.storyboard */ = {
			isa = PBXVariantGroup;
			children = (
				754DA64E1FC451AE001DD8D8 /* Base */,
			);
			name = LaunchScreen.storyboard;
			sourceTree = "<group>";
		};
/* End PBXVariantGroup section */

/* Begin XCBuildConfiguration section */
		754DA6511FC451AE001DD8D8 /* Debug */ = {
			isa = XCBuildConfiguration;
			buildSettings = {
				ALWAYS_SEARCH_USER_PATHS = NO;
				CLANG_ANALYZER_NONNULL = YES;
				CLANG_ANALYZER_NUMBER_OBJECT_CONVERSION = YES_AGGRESSIVE;
				CLANG_CXX_LANGUAGE_STANDARD = "gnu++14";
				CLANG_CXX_LIBRARY = "libc++";
				CLANG_ENABLE_MODULES = YES;
				CLANG_ENABLE_OBJC_ARC = YES;
				CLANG_WARN_BLOCK_CAPTURE_AUTORELEASING = YES;
				CLANG_WARN_BOOL_CONVERSION = YES;
				CLANG_WARN_COMMA = YES;
				CLANG_WARN_CONSTANT_CONVERSION = YES;
				CLANG_WARN_DIRECT_OBJC_ISA_USAGE = YES_ERROR;
				CLANG_WARN_DOCUMENTATION_COMMENTS = YES;
				CLANG_WARN_EMPTY_BODY = YES;
				CLANG_WARN_ENUM_CONVERSION = YES;
				CLANG_WARN_INFINITE_RECURSION = YES;
				CLANG_WARN_INT_CONVERSION = YES;
				CLANG_WARN_NON_LITERAL_NULL_CONVERSION = YES;
				CLANG_WARN_OBJC_LITERAL_CONVERSION = YES;
				CLANG_WARN_OBJC_ROOT_CLASS = YES_ERROR;
				CLANG_WARN_RANGE_LOOP_ANALYSIS = YES;
				CLANG_WARN_STRICT_PROTOTYPES = YES;
				CLANG_WARN_SUSPICIOUS_MOVE = YES;
				CLANG_WARN_UNGUARDED_AVAILABILITY = YES_AGGRESSIVE;
				CLANG_WARN_UNREACHABLE_CODE = YES;
				CLANG_WARN__DUPLICATE_METHOD_MATCH = YES;
				CODE_SIGN_IDENTITY = "iPhone Developer";
				COPY_PHASE_STRIP = NO;
				DEBUG_INFORMATION_FORMAT = dwarf;
				ENABLE_STRICT_OBJC_MSGSEND = YES;
				ENABLE_TESTABILITY = YES;
				GCC_C_LANGUAGE_STANDARD = gnu11;
				GCC_DYNAMIC_NO_PIC = NO;
				GCC_NO_COMMON_BLOCKS = YES;
				GCC_OPTIMIZATION_LEVEL = 0;
				GCC_PREPROCESSOR_DEFINITIONS = (
					"DEBUG=1",
					"$(inherited)",
				);
				GCC_WARN_64_TO_32_BIT_CONVERSION = YES;
				GCC_WARN_ABOUT_RETURN_TYPE = YES_ERROR;
				GCC_WARN_UNDECLARED_SELECTOR = YES;
				GCC_WARN_UNINITIALIZED_AUTOS = YES_AGGRESSIVE;
				GCC_WARN_UNUSED_FUNCTION = YES;
				GCC_WARN_UNUSED_VARIABLE = YES;
				IPHONEOS_DEPLOYMENT_TARGET = 11.1;
				MTL_ENABLE_DEBUG_INFO = YES;
				ONLY_ACTIVE_ARCH = YES;
				SDKROOT = iphoneos;
				SWIFT_ACTIVE_COMPILATION_CONDITIONS = DEBUG;
				SWIFT_OPTIMIZATION_LEVEL = "-Onone";
			};
			name = Debug;
		};
		754DA6521FC451AE001DD8D8 /* Release */ = {
			isa = XCBuildConfiguration;
			buildSettings = {
				ALWAYS_SEARCH_USER_PATHS = NO;
				CLANG_ANALYZER_NONNULL = YES;
				CLANG_ANALYZER_NUMBER_OBJECT_CONVERSION = YES_AGGRESSIVE;
				CLANG_CXX_LANGUAGE_STANDARD = "gnu++14";
				CLANG_CXX_LIBRARY = "libc++";
				CLANG_ENABLE_MODULES = YES;
				CLANG_ENABLE_OBJC_ARC = YES;
				CLANG_WARN_BLOCK_CAPTURE_AUTORELEASING = YES;
				CLANG_WARN_BOOL_CONVERSION = YES;
				CLANG_WARN_COMMA = YES;
				CLANG_WARN_CONSTANT_CONVERSION = YES;
				CLANG_WARN_DIRECT_OBJC_ISA_USAGE = YES_ERROR;
				CLANG_WARN_DOCUMENTATION_COMMENTS = YES;
				CLANG_WARN_EMPTY_BODY = YES;
				CLANG_WARN_ENUM_CONVERSION = YES;
				CLANG_WARN_INFINITE_RECURSION = YES;
				CLANG_WARN_INT_CONVERSION = YES;
				CLANG_WARN_NON_LITERAL_NULL_CONVERSION = YES;
				CLANG_WARN_OBJC_LITERAL_CONVERSION = YES;
				CLANG_WARN_OBJC_ROOT_CLASS = YES_ERROR;
				CLANG_WARN_RANGE_LOOP_ANALYSIS = YES;
				CLANG_WARN_STRICT_PROTOTYPES = YES;
				CLANG_WARN_SUSPICIOUS_MOVE = YES;
				CLANG_WARN_UNGUARDED_AVAILABILITY = YES_AGGRESSIVE;
				CLANG_WARN_UNREACHABLE_CODE = YES;
				CLANG_WARN__DUPLICATE_METHOD_MATCH = YES;
				CODE_SIGN_IDENTITY = "iPhone Developer";
				COPY_PHASE_STRIP = NO;
				DEBUG_INFORMATION_FORMAT = "dwarf-with-dsym";
				ENABLE_NS_ASSERTIONS = NO;
				ENABLE_STRICT_OBJC_MSGSEND = YES;
				GCC_C_LANGUAGE_STANDARD = gnu11;
				GCC_NO_COMMON_BLOCKS = YES;
				GCC_WARN_64_TO_32_BIT_CONVERSION = YES;
				GCC_WARN_ABOUT_RETURN_TYPE = YES_ERROR;
				GCC_WARN_UNDECLARED_SELECTOR = YES;
				GCC_WARN_UNINITIALIZED_AUTOS = YES_AGGRESSIVE;
				GCC_WARN_UNUSED_FUNCTION = YES;
				GCC_WARN_UNUSED_VARIABLE = YES;
				IPHONEOS_DEPLOYMENT_TARGET = 11.1;
				MTL_ENABLE_DEBUG_INFO = NO;
				SDKROOT = iphoneos;
				SWIFT_OPTIMIZATION_LEVEL = "-Owholemodule";
				VALIDATE_PRODUCT = YES;
			};
			name = Release;
		};
		754DA6541FC451AE001DD8D8 /* Debug */ = {
			isa = XCBuildConfiguration;
			baseConfigurationReference = ACFFF10A49DD6CB40A628DE2 /* Pods-tvShow.debug.xcconfig */;
			buildSettings = {
				ASSETCATALOG_COMPILER_APPICON_NAME = AppIcon;
				CODE_SIGN_STYLE = Automatic;
				DEVELOPMENT_TEAM = CY33TK4JQ8;
				INFOPLIST_FILE = tvShow/Info.plist;
				LD_RUNPATH_SEARCH_PATHS = "$(inherited) @executable_path/Frameworks";
				PRODUCT_BUNDLE_IDENTIFIER = com.mgonzalez.tvShow;
				PRODUCT_NAME = "$(TARGET_NAME)";
				SWIFT_VERSION = 4.0;
				TARGETED_DEVICE_FAMILY = "1,2";
			};
			name = Debug;
		};
		754DA6551FC451AE001DD8D8 /* Release */ = {
			isa = XCBuildConfiguration;
			baseConfigurationReference = 8AEB476EB480763885674BCB /* Pods-tvShow.release.xcconfig */;
			buildSettings = {
				ASSETCATALOG_COMPILER_APPICON_NAME = AppIcon;
				CODE_SIGN_STYLE = Automatic;
				DEVELOPMENT_TEAM = CY33TK4JQ8;
				INFOPLIST_FILE = tvShow/Info.plist;
				LD_RUNPATH_SEARCH_PATHS = "$(inherited) @executable_path/Frameworks";
				PRODUCT_BUNDLE_IDENTIFIER = com.mgonzalez.tvShow;
				PRODUCT_NAME = "$(TARGET_NAME)";
				SWIFT_VERSION = 4.0;
				TARGETED_DEVICE_FAMILY = "1,2";
			};
			name = Release;
		};
/* End XCBuildConfiguration section */

/* Begin XCConfigurationList section */
		754DA63C1FC451AE001DD8D8 /* Build configuration list for PBXProject "tvShow" */ = {
			isa = XCConfigurationList;
			buildConfigurations = (
				754DA6511FC451AE001DD8D8 /* Debug */,
				754DA6521FC451AE001DD8D8 /* Release */,
			);
			defaultConfigurationIsVisible = 0;
			defaultConfigurationName = Release;
		};
		754DA6531FC451AE001DD8D8 /* Build configuration list for PBXNativeTarget "tvShow" */ = {
			isa = XCConfigurationList;
			buildConfigurations = (
				754DA6541FC451AE001DD8D8 /* Debug */,
				754DA6551FC451AE001DD8D8 /* Release */,
			);
			defaultConfigurationIsVisible = 0;
			defaultConfigurationName = Release;
		};
/* End XCConfigurationList section */
	};
	rootObject = 754DA6391FC451AE001DD8D8 /* Project object */;
}
